{
  "name": "@lukka/task-lib",
  "version": "1.0.9",
  "lockfileVersion": 1,
  "requires": true,
  "dependencies": {
    "@types/node": {
      "version": "11.15.35",
      "resolved": "https://registry.npmjs.org/@types/node/-/node-11.15.35.tgz",
      "integrity": "sha512-kmxE30w+R//Vh/+dlVS5DPPyzPtWtrMrJ9+io7jvkPtWv3X43ERA4HTcFEn/R7dtHO3HCMU1y3WKf3NDLYhQEQ==",
      "dev": true
    }
  }
}
